
Microsoft Visual Studio Solution File, Format Version 12.00
# Visual Studio 14
VisualStudioVersion = 14.0.25123.0
MinimumVisualStudioVersion = 10.0.40219.1
Project("{FAE04EC0-301F-11D3-BF4B-00C04F79EFBC}") = "PoetryGen", "PoetryGen\PoetryGen.csproj", "{E86A1E8B-E0A0-41D7-9959-DAF389A8D586}"
EndProject
Project("{D954291E-2A0B-460D-934E-DC6B0785DB48}") = "PoetryEngine", "PoetryEngine\PoetryEngine.shproj", "{BA34DCA8-C4AF-41B2-B35C-B7BC3EDE35B5}"
EndProject
Global
	GlobalSection(SharedMSBuildProjectFiles) = preSolution
		PoetryEngine\SharedProject1.projitems*{ba34dca8-c4af-41b2-b35c-b7bc3ede35b5}*SharedItemsImports = 13
		PoetryEngine\SharedProject1.projitems*{e86a1e8b-e0a0-41d7-9959-daf389a8d586}*SharedItemsImports = 4
	EndGlobalSection
	GlobalSection(SolutionConfigurationPlatforms) = preSolution
		Debug|Any CPU = Debug|Any CPU
		Release|Any CPU = Release|Any CPU
	EndGlobalSection
	GlobalSection(ProjectConfigurationPlatforms) = postSolution
		{E86A1E8B-E0A0-41D7-9959-DAF389A8D586}.Debug|Any CPU.ActiveCfg = Debug|Any CPU
		{E86A1E8B-E0A0-41D7-9959-DAF389A8D586}.Debug|Any CPU.Build.0 = Debug|Any CPU
		{E86A1E8B-E0A0-41D7-9959-DAF389A8D586}.Debug|Any CPU.Deploy.0 = Debug|Any CPU
		{E86A1E8B-E0A0-41D7-9959-DAF389A8D586}.Release|Any CPU.ActiveCfg = Release|Any CPU
		{E86A1E8B-E0A0-41D7-9959-DAF389A8D586}.Release|Any CPU.Build.0 = Release|Any CPU
		{E86A1E8B-E0A0-41D7-9959-DAF389A8D586}.Release|Any CPU.Deploy.0 = Release|Any CPU
	EndGlobalSection
	GlobalSection(SolutionProperties) = preSolution
		HideSolutionNode = FALSE
	EndGlobalSection
EndGlobal
